
Microsoft Visual Studio Solution File, Format Version 12.00
# Visual Studio Version 16
VisualStudioVersion = 16.0.31205.134
MinimumVisualStudioVersion = 10.0.40219.1
Project("{FAE04EC0-301F-11D3-BF4B-00C04F79EFBC}") = "PropertyChanger", "PropertyChanger\PropertyChanger.csproj", "{7EF68C82-76EB-4D01-9243-FE9C13C70AB4}"
EndProject
Project("{54435603-DBB4-11D2-8724-00A0C9A8B90C}") = "PropertyChanger.Installer", "PropertyChanger.Installer\PropertyChanger.Installer.vdproj", "{B2EF593E-4244-4ECD-9AC5-04BEF84136E7}"
EndProject
Global
	GlobalSection(SolutionConfigurationPlatforms) = preSolution
		Debug|Any CPU = Debug|Any CPU
		Release|Any CPU = Release|Any CPU
	EndGlobalSection
	GlobalSection(ProjectConfigurationPlatforms) = postSolution
		{7EF68C82-76EB-4D01-9243-FE9C13C70AB4}.Debug|Any CPU.ActiveCfg = Debug|Any CPU
		{7EF68C82-76EB-4D01-9243-FE9C13C70AB4}.Debug|Any CPU.Build.0 = Debug|Any CPU
		{7EF68C82-76EB-4D01-9243-FE9C13C70AB4}.Release|Any CPU.ActiveCfg = Release|Any CPU
		{7EF68C82-76EB-4D01-9243-FE9C13C70AB4}.Release|Any CPU.Build.0 = Release|Any CPU
		{B2EF593E-4244-4ECD-9AC5-04BEF84136E7}.Debug|Any CPU.ActiveCfg = Debug
		{B2EF593E-4244-4ECD-9AC5-04BEF84136E7}.Release|Any CPU.ActiveCfg = Release
	EndGlobalSection
	GlobalSection(SolutionProperties) = preSolution
		HideSolutionNode = FALSE
	EndGlobalSection
	GlobalSection(ExtensibilityGlobals) = postSolution
		SolutionGuid = {6EB61CFC-2948-437D-8379-585BB41E9EC8}
	EndGlobalSection
EndGlobal
